// !$*UTF8*$!
{
	archiveVersion = 1;
	classes = {
	};
	objectVersion = 56;
	objects = {

/* Begin PBXBuildFile section */
		B92E52AD2B1B84F600E3C562 /* AppColor.swift in Sources */ = {isa = PBXBuildFile; fileRef = B92E52AC2B1B84F600E3C562 /* AppColor.swift */; };
		B92E52AF2B1B850E00E3C562 /* AppFont.swift in Sources */ = {isa = PBXBuildFile; fileRef = B92E52AE2B1B850E00E3C562 /* AppFont.swift */; };
		B92E52B22B1B85C400E3C562 /* Poppins-SemiBold.ttf in Resources */ = {isa = PBXBuildFile; fileRef = B92E52B12B1B85C400E3C562 /* Poppins-SemiBold.ttf */; };
		B92E52B92B1B85E500E3C562 /* Poppins-Bold.ttf in Resources */ = {isa = PBXBuildFile; fileRef = B92E52B32B1B85E500E3C562 /* Poppins-Bold.ttf */; };
		B92E52BA2B1B85E500E3C562 /* Poppins-Medium.ttf in Resources */ = {isa = PBXBuildFile; fileRef = B92E52B42B1B85E500E3C562 /* Poppins-Medium.ttf */; };
		B92E52BB2B1B85E500E3C562 /* Poppins-Light.ttf in Resources */ = {isa = PBXBuildFile; fileRef = B92E52B52B1B85E500E3C562 /* Poppins-Light.ttf */; };
		B92E52BC2B1B85E500E3C562 /* Poppins-Black.ttf in Resources */ = {isa = PBXBuildFile; fileRef = B92E52B62B1B85E500E3C562 /* Poppins-Black.ttf */; };
		B92E52BD2B1B85E500E3C562 /* Poppins-ExtraBold.ttf in Resources */ = {isa = PBXBuildFile; fileRef = B92E52B72B1B85E500E3C562 /* Poppins-ExtraBold.ttf */; };
		B92E52BE2B1B85E500E3C562 /* Poppins-Regular.ttf in Resources */ = {isa = PBXBuildFile; fileRef = B92E52B82B1B85E500E3C562 /* Poppins-Regular.ttf */; };
		B9480BD02B0FD5D200FD192E /* quizzbiteApp.swift in Sources */ = {isa = PBXBuildFile; fileRef = B9480BCF2B0FD5D200FD192E /* quizzbiteApp.swift */; };
		B9480BD22B0FD5D200FD192E /* HomeView.swift in Sources */ = {isa = PBXBuildFile; fileRef = B9480BD12B0FD5D200FD192E /* HomeView.swift */; };
		B9480BD42B0FD5D300FD192E /* Assets.xcassets in Resources */ = {isa = PBXBuildFile; fileRef = B9480BD32B0FD5D300FD192E /* Assets.xcassets */; };
		B9480BD72B0FD5D300FD192E /* Preview Assets.xcassets in Resources */ = {isa = PBXBuildFile; fileRef = B9480BD62B0FD5D300FD192E /* Preview Assets.xcassets */; };
		B98293BD2B557955000669F9 /* PreGameView.swift in Sources */ = {isa = PBXBuildFile; fileRef = B98293BC2B557955000669F9 /* PreGameView.swift */; };
		B98EF0AD2B1A559000908D75 /* GameCardToolbarView.swift in Sources */ = {isa = PBXBuildFile; fileRef = B98EF0AC2B1A559000908D75 /* GameCardToolbarView.swift */; };
		B98EF0AF2B1A56F100908D75 /* GameLogic.swift in Sources */ = {isa = PBXBuildFile; fileRef = B98EF0AE2B1A56F100908D75 /* GameLogic.swift */; };
		B9D8B9752B10F11300F80535 /* GameCardView.swift in Sources */ = {isa = PBXBuildFile; fileRef = B9D8B9742B10F11300F80535 /* GameCardView.swift */; };
		B9D8B9772B10F3EA00F80535 /* Game.swift in Sources */ = {isa = PBXBuildFile; fileRef = B9D8B9762B10F3EA00F80535 /* Game.swift */; };
/* End PBXBuildFile section */

/* Begin PBXFileReference section */
		B92E52AC2B1B84F600E3C562 /* AppColor.swift */ = {isa = PBXFileReference; lastKnownFileType = sourcecode.swift; path = AppColor.swift; sourceTree = "<group>"; };
		B92E52AE2B1B850E00E3C562 /* AppFont.swift */ = {isa = PBXFileReference; lastKnownFileType = sourcecode.swift; path = AppFont.swift; sourceTree = "<group>"; };
		B92E52B12B1B85C400E3C562 /* Poppins-SemiBold.ttf */ = {isa = PBXFileReference; lastKnownFileType = file; path = "Poppins-SemiBold.ttf"; sourceTree = "<group>"; };
		B92E52B32B1B85E500E3C562 /* Poppins-Bold.ttf */ = {isa = PBXFileReference; lastKnownFileType = file; path = "Poppins-Bold.ttf"; sourceTree = "<group>"; };
		B92E52B42B1B85E500E3C562 /* Poppins-Medium.ttf */ = {isa = PBXFileReference; lastKnownFileType = file; path = "Poppins-Medium.ttf"; sourceTree = "<group>"; };
		B92E52B52B1B85E500E3C562 /* Poppins-Light.ttf */ = {isa = PBXFileReference; lastKnownFileType = file; path = "Poppins-Light.ttf"; sourceTree = "<group>"; };
		B92E52B62B1B85E500E3C562 /* Poppins-Black.ttf */ = {isa = PBXFileReference; lastKnownFileType = file; path = "Poppins-Black.ttf"; sourceTree = "<group>"; };
		B92E52B72B1B85E500E3C562 /* Poppins-ExtraBold.ttf */ = {isa = PBXFileReference; lastKnownFileType = file; path = "Poppins-ExtraBold.ttf"; sourceTree = "<group>"; };
		B92E52B82B1B85E500E3C562 /* Poppins-Regular.ttf */ = {isa = PBXFileReference; lastKnownFileType = file; path = "Poppins-Regular.ttf"; sourceTree = "<group>"; };
		B92E52BF2B1B86F200E3C562 /* Info.plist */ = {isa = PBXFileReference; lastKnownFileType = text.plist; path = Info.plist; sourceTree = "<group>"; };
		B9480BCC2B0FD5D200FD192E /* quizzbite.app */ = {isa = PBXFileReference; explicitFileType = wrapper.application; includeInIndex = 0; path = quizzbite.app; sourceTree = BUILT_PRODUCTS_DIR; };
		B9480BCF2B0FD5D200FD192E /* quizzbiteApp.swift */ = {isa = PBXFileReference; lastKnownFileType = sourcecode.swift; path = quizzbiteApp.swift; sourceTree = "<group>"; };
		B9480BD12B0FD5D200FD192E /* HomeView.swift */ = {isa = PBXFileReference; lastKnownFileType = sourcecode.swift; path = HomeView.swift; sourceTree = "<group>"; };
		B9480BD32B0FD5D300FD192E /* Assets.xcassets */ = {isa = PBXFileReference; lastKnownFileType = folder.assetcatalog; path = Assets.xcassets; sourceTree = "<group>"; };
		B9480BD62B0FD5D300FD192E /* Preview Assets.xcassets */ = {isa = PBXFileReference; lastKnownFileType = folder.assetcatalog; path = "Preview Assets.xcassets"; sourceTree = "<group>"; };
		B98293BC2B557955000669F9 /* PreGameView.swift */ = {isa = PBXFileReference; lastKnownFileType = sourcecode.swift; path = PreGameView.swift; sourceTree = "<group>"; };
		B98EF0AC2B1A559000908D75 /* GameCardToolbarView.swift */ = {isa = PBXFileReference; lastKnownFileType = sourcecode.swift; path = GameCardToolbarView.swift; sourceTree = "<group>"; };
		B98EF0AE2B1A56F100908D75 /* GameLogic.swift */ = {isa = PBXFileReference; lastKnownFileType = sourcecode.swift; path = GameLogic.swift; sourceTree = "<group>"; };
		B9D8B9742B10F11300F80535 /* GameCardView.swift */ = {isa = PBXFileReference; lastKnownFileType = sourcecode.swift; path = GameCardView.swift; sourceTree = "<group>"; };
		B9D8B9762B10F3EA00F80535 /* Game.swift */ = {isa = PBXFileReference; lastKnownFileType = sourcecode.swift; path = Game.swift; sourceTree = "<group>"; };
/* End PBXFileReference section */

/* Begin PBXFrameworksBuildPhase section */
		B9480BC92B0FD5D200FD192E /* Frameworks */ = {
			isa = PBXFrameworksBuildPhase;
			buildActionMask = 2147483647;
			files = (
			);
			runOnlyForDeploymentPostprocessing = 0;
		};
/* End PBXFrameworksBuildPhase section */

/* Begin PBXGroup section */
		B92E52B02B1B858400E3C562 /* Font */ = {
			isa = PBXGroup;
			children = (
				B92E52B62B1B85E500E3C562 /* Poppins-Black.ttf */,
				B92E52B32B1B85E500E3C562 /* Poppins-Bold.ttf */,
				B92E52B72B1B85E500E3C562 /* Poppins-ExtraBold.ttf */,
				B92E52B52B1B85E500E3C562 /* Poppins-Light.ttf */,
				B92E52B42B1B85E500E3C562 /* Poppins-Medium.ttf */,
				B92E52B82B1B85E500E3C562 /* Poppins-Regular.ttf */,
				B92E52B12B1B85C400E3C562 /* Poppins-SemiBold.ttf */,
			);
			path = Font;
			sourceTree = "<group>";
		};
		B9480BC32B0FD5D200FD192E = {
			isa = PBXGroup;
			children = (
				B9480BCE2B0FD5D200FD192E /* quizzbite */,
				B9480BCD2B0FD5D200FD192E /* Products */,
			);
			sourceTree = "<group>";
		};
		B9480BCD2B0FD5D200FD192E /* Products */ = {
			isa = PBXGroup;
			children = (
				B9480BCC2B0FD5D200FD192E /* quizzbite.app */,
			);
			name = Products;
			sourceTree = "<group>";
		};
		B9480BCE2B0FD5D200FD192E /* quizzbite */ = {
			isa = PBXGroup;
			children = (
				B92E52BF2B1B86F200E3C562 /* Info.plist */,
				B9480BCF2B0FD5D200FD192E /* quizzbiteApp.swift */,
				B9D8B9732B10F0A000F80535 /* Models */,
				B9D8B9722B10F08F00F80535 /* ViewModels */,
				B9D8B9712B10F07B00F80535 /* Views */,
				B9480BD32B0FD5D300FD192E /* Assets.xcassets */,
				B92E52B02B1B858400E3C562 /* Font */,
				B9480BD52B0FD5D300FD192E /* Preview Content */,
			);
			path = quizzbite;
			sourceTree = "<group>";
		};
		B9480BD52B0FD5D300FD192E /* Preview Content */ = {
			isa = PBXGroup;
			children = (
				B9480BD62B0FD5D300FD192E /* Preview Assets.xcassets */,
			);
			path = "Preview Content";
			sourceTree = "<group>";
		};
		B9D8B9712B10F07B00F80535 /* Views */ = {
			isa = PBXGroup;
			children = (
				B9480BD12B0FD5D200FD192E /* HomeView.swift */,
				B9D8B9742B10F11300F80535 /* GameCardView.swift */,
				B98EF0AC2B1A559000908D75 /* GameCardToolbarView.swift */,
				B98293BC2B557955000669F9 /* PreGameView.swift */,
			);
			path = Views;
			sourceTree = "<group>";
		};
		B9D8B9722B10F08F00F80535 /* ViewModels */ = {
			isa = PBXGroup;
			children = (
				B98EF0AE2B1A56F100908D75 /* GameLogic.swift */,
				B92E52AC2B1B84F600E3C562 /* AppColor.swift */,
				B92E52AE2B1B850E00E3C562 /* AppFont.swift */,
			);
			path = ViewModels;
			sourceTree = "<group>";
		};
		B9D8B9732B10F0A000F80535 /* Models */ = {
			isa = PBXGroup;
			children = (
				B9D8B9762B10F3EA00F80535 /* Game.swift */,
			);
			path = Models;
			sourceTree = "<group>";
		};
/* End PBXGroup section */

/* Begin PBXNativeTarget section */
		B9480BCB2B0FD5D200FD192E /* quizzbite */ = {
			isa = PBXNativeTarget;
			buildConfigurationList = B9480BDA2B0FD5D300FD192E /* Build configuration list for PBXNativeTarget "quizzbite" */;
			buildPhases = (
				B9480BC82B0FD5D200FD192E /* Sources */,
				B9480BC92B0FD5D200FD192E /* Frameworks */,
				B9480BCA2B0FD5D200FD192E /* Resources */,
			);
			buildRules = (
			);
			dependencies = (
			);
			name = quizzbite;
			productName = quizzbite;
			productReference = B9480BCC2B0FD5D200FD192E /* quizzbite.app */;
			productType = "com.apple.product-type.application";
		};
/* End PBXNativeTarget section */

/* Begin PBXProject section */
		B9480BC42B0FD5D200FD192E /* Project object */ = {
			isa = PBXProject;
			attributes = {
				BuildIndependentTargetsInParallel = 1;
				LastSwiftUpdateCheck = 1500;
				LastUpgradeCheck = 1500;
				TargetAttributes = {
					B9480BCB2B0FD5D200FD192E = {
						CreatedOnToolsVersion = 15.0.1;
					};
				};
			};
			buildConfigurationList = B9480BC72B0FD5D200FD192E /* Build configuration list for PBXProject "quizzbite" */;
			compatibilityVersion = "Xcode 14.0";
			developmentRegion = en;
			hasScannedForEncodings = 0;
			knownRegions = (
				en,
				Base,
			);
			mainGroup = B9480BC32B0FD5D200FD192E;
			productRefGroup = B9480BCD2B0FD5D200FD192E /* Products */;
			projectDirPath = "";
			projectRoot = "";
			targets = (
				B9480BCB2B0FD5D200FD192E /* quizzbite */,
			);
		};
/* End PBXProject section */

/* Begin PBXResourcesBuildPhase section */
		B9480BCA2B0FD5D200FD192E /* Resources */ = {
			isa = PBXResourcesBuildPhase;
			buildActionMask = 2147483647;
			files = (
				B92E52B22B1B85C400E3C562 /* Poppins-SemiBold.ttf in Resources */,
				B92E52BB2B1B85E500E3C562 /* Poppins-Light.ttf in Resources */,
				B9480BD72B0FD5D300FD192E /* Preview Assets.xcassets in Resources */,
				B92E52BE2B1B85E500E3C562 /* Poppins-Regular.ttf in Resources */,
				B92E52BC2B1B85E500E3C562 /* Poppins-Black.ttf in Resources */,
				B92E52BD2B1B85E500E3C562 /* Poppins-ExtraBold.ttf in Resources */,
				B9480BD42B0FD5D300FD192E /* Assets.xcassets in Resources */,
				B92E52B92B1B85E500E3C562 /* Poppins-Bold.ttf in Resources */,
				B92E52BA2B1B85E500E3C562 /* Poppins-Medium.ttf in Resources */,
			);
			runOnlyForDeploymentPostprocessing = 0;
		};
/* End PBXResourcesBuildPhase section */

/* Begin PBXSourcesBuildPhase section */
		B9480BC82B0FD5D200FD192E /* Sources */ = {
			isa = PBXSourcesBuildPhase;
			buildActionMask = 2147483647;
			files = (
				B92E52AF2B1B850E00E3C562 /* AppFont.swift in Sources */,
				B98EF0AF2B1A56F100908D75 /* GameLogic.swift in Sources */,
				B98EF0AD2B1A559000908D75 /* GameCardToolbarView.swift in Sources */,
				B9480BD22B0FD5D200FD192E /* HomeView.swift in Sources */,
				B92E52AD2B1B84F600E3C562 /* AppColor.swift in Sources */,
				B9D8B9752B10F11300F80535 /* GameCardView.swift in Sources */,
				B9480BD02B0FD5D200FD192E /* quizzbiteApp.swift in Sources */,
				B9D8B9772B10F3EA00F80535 /* Game.swift in Sources */,
				B98293BD2B557955000669F9 /* PreGameView.swift in Sources */,
			);
			runOnlyForDeploymentPostprocessing = 0;
		};
/* End PBXSourcesBuildPhase section */

/* Begin XCBuildConfiguration section */
		B9480BD82B0FD5D300FD192E /* Debug */ = {
			isa = XCBuildConfiguration;
			buildSettings = {
				ALWAYS_SEARCH_USER_PATHS = NO;
				ASSETCATALOG_COMPILER_GENERATE_SWIFT_ASSET_SYMBOL_EXTENSIONS = YES;
				CLANG_ANALYZER_NONNULL = YES;
				CLANG_ANALYZER_NUMBER_OBJECT_CONVERSION = YES_AGGRESSIVE;
				CLANG_CXX_LANGUAGE_STANDARD = "gnu++20";
				CLANG_ENABLE_MODULES = YES;
				CLANG_ENABLE_OBJC_ARC = YES;
				CLANG_ENABLE_OBJC_WEAK = YES;
				CLANG_WARN_BLOCK_CAPTURE_AUTORELEASING = YES;
				CLANG_WARN_BOOL_CONVERSION = YES;
				CLANG_WARN_COMMA = YES;
				CLANG_WARN_CONSTANT_CONVERSION = YES;
				CLANG_WARN_DEPRECATED_OBJC_IMPLEMENTATIONS = YES;
				CLANG_WARN_DIRECT_OBJC_ISA_USAGE = YES_ERROR;
				CLANG_WARN_DOCUMENTATION_COMMENTS = YES;
				CLANG_WARN_EMPTY_BODY = YES;
				CLANG_WARN_ENUM_CONVERSION = YES;
				CLANG_WARN_INFINITE_RECURSION = YES;
				CLANG_WARN_INT_CONVERSION = YES;
				CLANG_WARN_NON_LITERAL_NULL_CONVERSION = YES;
				CLANG_WARN_OBJC_IMPLICIT_RETAIN_SELF = YES;
				CLANG_WARN_OBJC_LITERAL_CONVERSION = YES;
				CLANG_WARN_OBJC_ROOT_CLASS = YES_ERROR;
				CLANG_WARN_QUOTED_INCLUDE_IN_FRAMEWORK_HEADER = YES;
				CLANG_WARN_RANGE_LOOP_ANALYSIS = YES;
				CLANG_WARN_STRICT_PROTOTYPES = YES;
				CLANG_WARN_SUSPICIOUS_MOVE = YES;
				CLANG_WARN_UNGUARDED_AVAILABILITY = YES_AGGRESSIVE;
				CLANG_WARN_UNREACHABLE_CODE = YES;
				CLANG_WARN__DUPLICATE_METHOD_MATCH = YES;
				COPY_PHASE_STRIP = NO;
				DEBUG_INFORMATION_FORMAT = dwarf;
				ENABLE_STRICT_OBJC_MSGSEND = YES;
				ENABLE_TESTABILITY = YES;
				ENABLE_USER_SCRIPT_SANDBOXING = YES;
				GCC_C_LANGUAGE_STANDARD = gnu17;
				GCC_DYNAMIC_NO_PIC = NO;
				GCC_NO_COMMON_BLOCKS = YES;
				GCC_OPTIMIZATION_LEVEL = 0;
				GCC_PREPROCESSOR_DEFINITIONS = (
					"DEBUG=1",
					"$(inherited)",
				);
				GCC_WARN_64_TO_32_BIT_CONVERSION = YES;
				GCC_WARN_ABOUT_RETURN_TYPE = YES_ERROR;
				GCC_WARN_UNDECLARED_SELECTOR = YES;
				GCC_WARN_UNINITIALIZED_AUTOS = YES_AGGRESSIVE;
				GCC_WARN_UNUSED_FUNCTION = YES;
				GCC_WARN_UNUSED_VARIABLE = YES;
				IPHONEOS_DEPLOYMENT_TARGET = 17.0;
				LOCALIZATION_PREFERS_STRING_CATALOGS = YES;
				MTL_ENABLE_DEBUG_INFO = INCLUDE_SOURCE;
				MTL_FAST_MATH = YES;
				ONLY_ACTIVE_ARCH = YES;
				SDKROOT = iphoneos;
				SWIFT_ACTIVE_COMPILATION_CONDITIONS = "DEBUG $(inherited)";
				SWIFT_OPTIMIZATION_LEVEL = "-Onone";
			};
			name = Debug;
		};
		B9480BD92B0FD5D300FD192E /* Release */ = {
			isa = XCBuildConfiguration;
			buildSettings = {
				ALWAYS_SEARCH_USER_PATHS = NO;
				ASSETCATALOG_COMPILER_GENERATE_SWIFT_ASSET_SYMBOL_EXTENSIONS = YES;
				CLANG_ANALYZER_NONNULL = YES;
				CLANG_ANALYZER_NUMBER_OBJECT_CONVERSION = YES_AGGRESSIVE;
				CLANG_CXX_LANGUAGE_STANDARD = "gnu++20";
				CLANG_ENABLE_MODULES = YES;
				CLANG_ENABLE_OBJC_ARC = YES;
				CLANG_ENABLE_OBJC_WEAK = YES;
				CLANG_WARN_BLOCK_CAPTURE_AUTORELEASING = YES;
				CLANG_WARN_BOOL_CONVERSION = YES;
				CLANG_WARN_COMMA = YES;
				CLANG_WARN_CONSTANT_CONVERSION = YES;
				CLANG_WARN_DEPRECATED_OBJC_IMPLEMENTATIONS = YES;
				CLANG_WARN_DIRECT_OBJC_ISA_USAGE = YES_ERROR;
				CLANG_WARN_DOCUMENTATION_COMMENTS = YES;
				CLANG_WARN_EMPTY_BODY = YES;
				CLANG_WARN_ENUM_CONVERSION = YES;
				CLANG_WARN_INFINITE_RECURSION = YES;
				CLANG_WARN_INT_CONVERSION = YES;
				CLANG_WARN_NON_LITERAL_NULL_CONVERSION = YES;
				CLANG_WARN_OBJC_IMPLICIT_RETAIN_SELF = YES;
				CLANG_WARN_OBJC_LITERAL_CONVERSION = YES;
				CLANG_WARN_OBJC_ROOT_CLASS = YES_ERROR;
				CLANG_WARN_QUOTED_INCLUDE_IN_FRAMEWORK_HEADER = YES;
				CLANG_WARN_RANGE_LOOP_ANALYSIS = YES;
				CLANG_WARN_STRICT_PROTOTYPES = YES;
				CLANG_WARN_SUSPICIOUS_MOVE = YES;
				CLANG_WARN_UNGUARDED_AVAILABILITY = YES_AGGRESSIVE;
				CLANG_WARN_UNREACHABLE_CODE = YES;
				CLANG_WARN__DUPLICATE_METHOD_MATCH = YES;
				COPY_PHASE_STRIP = NO;
				DEBUG_INFORMATION_FORMAT = "dwarf-with-dsym";
				ENABLE_NS_ASSERTIONS = NO;
				ENABLE_STRICT_OBJC_MSGSEND = YES;
				ENABLE_USER_SCRIPT_SANDBOXING = YES;
				GCC_C_LANGUAGE_STANDARD = gnu17;
				GCC_NO_COMMON_BLOCKS = YES;
				GCC_WARN_64_TO_32_BIT_CONVERSION = YES;
				GCC_WARN_ABOUT_RETURN_TYPE = YES_ERROR;
				GCC_WARN_UNDECLARED_SELECTOR = YES;
				GCC_WARN_UNINITIALIZED_AUTOS = YES_AGGRESSIVE;
				GCC_WARN_UNUSED_FUNCTION = YES;
				GCC_WARN_UNUSED_VARIABLE = YES;
				IPHONEOS_DEPLOYMENT_TARGET = 17.0;
				LOCALIZATION_PREFERS_STRING_CATALOGS = YES;
				MTL_ENABLE_DEBUG_INFO = NO;
				MTL_FAST_MATH = YES;
				SDKROOT = iphoneos;
				SWIFT_COMPILATION_MODE = wholemodule;
				VALIDATE_PRODUCT = YES;
			};
			name = Release;
		};
		B9480BDB2B0FD5D300FD192E /* Debug */ = {
			isa = XCBuildConfiguration;
			buildSettings = {
				ASSETCATALOG_COMPILER_APPICON_NAME = AppIcon;
				ASSETCATALOG_COMPILER_GLOBAL_ACCENT_COLOR_NAME = AccentColor;
				CODE_SIGN_STYLE = Automatic;
				CURRENT_PROJECT_VERSION = 1;
				DEVELOPMENT_ASSET_PATHS = "\"quizzbite/Preview Content\"";
				DEVELOPMENT_TEAM = R3R9WPW43M;
				ENABLE_PREVIEWS = YES;
				GENERATE_INFOPLIST_FILE = YES;
				INFOPLIST_FILE = quizzbite/Info.plist;
				INFOPLIST_KEY_UIApplicationSceneManifest_Generation = YES;
				INFOPLIST_KEY_UIApplicationSupportsIndirectInputEvents = YES;
				INFOPLIST_KEY_UILaunchScreen_Generation = YES;
				INFOPLIST_KEY_UISupportedInterfaceOrientations_iPad = "UIInterfaceOrientationPortrait UIInterfaceOrientationPortraitUpsideDown UIInterfaceOrientationLandscapeLeft UIInterfaceOrientationLandscapeRight";
				INFOPLIST_KEY_UISupportedInterfaceOrientations_iPhone = "UIInterfaceOrientationPortrait UIInterfaceOrientationLandscapeLeft UIInterfaceOrientationLandscapeRight";
				LD_RUNPATH_SEARCH_PATHS = (
					"$(inherited)",
					"@executable_path/Frameworks",
				);
				MARKETING_VERSION = 1.0;
				PRODUCT_BUNDLE_IDENTIFIER = com.SamDavies.quizzbite;
				PRODUCT_NAME = "$(TARGET_NAME)";
				SWIFT_EMIT_LOC_STRINGS = YES;
				SWIFT_VERSION = 5.0;
				TARGETED_DEVICE_FAMILY = "1,2";
			};
			name = Debug;
		};
		B9480BDC2B0FD5D300FD192E /* Release */ = {
			isa = XCBuildConfiguration;
			buildSettings = {
				ASSETCATALOG_COMPILER_APPICON_NAME = AppIcon;
				ASSETCATALOG_COMPILER_GLOBAL_ACCENT_COLOR_NAME = AccentColor;
				CODE_SIGN_STYLE = Automatic;
				CURRENT_PROJECT_VERSION = 1;
				DEVELOPMENT_ASSET_PATHS = "\"quizzbite/Preview Content\"";
				DEVELOPMENT_TEAM = R3R9WPW43M;
				ENABLE_PREVIEWS = YES;
				GENERATE_INFOPLIST_FILE = YES;
				INFOPLIST_FILE = quizzbite/Info.plist;
				INFOPLIST_KEY_UIApplicationSceneManifest_Generation = YES;
				INFOPLIST_KEY_UIApplicationSupportsIndirectInputEvents = YES;
				INFOPLIST_KEY_UILaunchScreen_Generation = YES;
				INFOPLIST_KEY_UISupportedInterfaceOrientations_iPad = "UIInterfaceOrientationPortrait UIInterfaceOrientationPortraitUpsideDown UIInterfaceOrientationLandscapeLeft UIInterfaceOrientationLandscapeRight";
				INFOPLIST_KEY_UISupportedInterfaceOrientations_iPhone = "UIInterfaceOrientationPortrait UIInterfaceOrientationLandscapeLeft UIInterfaceOrientationLandscapeRight";
				LD_RUNPATH_SEARCH_PATHS = (
					"$(inherited)",
					"@executable_path/Frameworks",
				);
				MARKETING_VERSION = 1.0;
				PRODUCT_BUNDLE_IDENTIFIER = com.SamDavies.quizzbite;
				PRODUCT_NAME = "$(TARGET_NAME)";
				SWIFT_EMIT_LOC_STRINGS = YES;
				SWIFT_VERSION = 5.0;
				TARGETED_DEVICE_FAMILY = "1,2";
			};
			name = Release;
		};
/* End XCBuildConfiguration section */

/* Begin XCConfigurationList section */
		B9480BC72B0FD5D200FD192E /* Build configuration list for PBXProject "quizzbite" */ = {
			isa = XCConfigurationList;
			buildConfigurations = (
				B9480BD82B0FD5D300FD192E /* Debug */,
				B9480BD92B0FD5D300FD192E /* Release */,
			);
			defaultConfigurationIsVisible = 0;
			defaultConfigurationName = Release;
		};
		B9480BDA2B0FD5D300FD192E /* Build configuration list for PBXNativeTarget "quizzbite" */ = {
			isa = XCConfigurationList;
			buildConfigurations = (
				B9480BDB2B0FD5D300FD192E /* Debug */,
				B9480BDC2B0FD5D300FD192E /* Release */,
			);
			defaultConfigurationIsVisible = 0;
			defaultConfigurationName = Release;
		};
/* End XCConfigurationList section */
	};
	rootObject = B9480BC42B0FD5D200FD192E /* Project object */;
}
